
Microsoft Visual Studio Solution File, Format Version 12.00
# Visual Studio Version 16
VisualStudioVersion = 16.0.810.9
MinimumVisualStudioVersion = 10.0.40219.1
Project("{FAE04EC0-301F-11D3-BF4B-00C04F79EFBC}") = "Bootcamp-Week03", "Bootcamp-Week03\Bootcamp-Week03.csproj", "{548C5E51-BF6C-427F-8597-E377598F0BDD}"
EndProject
Global
	GlobalSection(SolutionConfigurationPlatforms) = preSolution
		Debug|Any CPU = Debug|Any CPU
		Release|Any CPU = Release|Any CPU
	EndGlobalSection
	GlobalSection(ProjectConfigurationPlatforms) = postSolution
		{548C5E51-BF6C-427F-8597-E377598F0BDD}.Debug|Any CPU.ActiveCfg = Debug|Any CPU
		{548C5E51-BF6C-427F-8597-E377598F0BDD}.Debug|Any CPU.Build.0 = Debug|Any CPU
		{548C5E51-BF6C-427F-8597-E377598F0BDD}.Release|Any CPU.ActiveCfg = Release|Any CPU
		{548C5E51-BF6C-427F-8597-E377598F0BDD}.Release|Any CPU.Build.0 = Release|Any CPU
	EndGlobalSection
	GlobalSection(SolutionProperties) = preSolution
		HideSolutionNode = FALSE
	EndGlobalSection
	GlobalSection(ExtensibilityGlobals) = postSolution
		SolutionGuid = {A4CDAD3B-6A71-45B7-AE59-E708ABE9F1CA}
	EndGlobalSection
EndGlobal
